
Microsoft Visual Studio Solution File, Format Version 12.00
# Visual Studio 2012
Project("{8BC9CEB8-8B4A-11D0-8D11-00A0C91BC942}") = "AlgAsgnt6", "AlgAsgnt6\AlgAsgnt6.vcxproj", "{1515B07B-5623-444E-B374-D02B2095DCCD}"
EndProject
Global
	GlobalSection(SolutionConfigurationPlatforms) = preSolution
		Debug|Win32 = Debug|Win32
		Release|Win32 = Release|Win32
	EndGlobalSection
	GlobalSection(ProjectConfigurationPlatforms) = postSolution
		{1515B07B-5623-444E-B374-D02B2095DCCD}.Debug|Win32.ActiveCfg = Debug|Win32
		{1515B07B-5623-444E-B374-D02B2095DCCD}.Debug|Win32.Build.0 = Debug|Win32
		{1515B07B-5623-444E-B374-D02B2095DCCD}.Release|Win32.ActiveCfg = Release|Win32
		{1515B07B-5623-444E-B374-D02B2095DCCD}.Release|Win32.Build.0 = Release|Win32
	EndGlobalSection
	GlobalSection(SolutionProperties) = preSolution
		HideSolutionNode = FALSE
	EndGlobalSection
EndGlobal
