
Microsoft Visual Studio Solution File, Format Version 12.00
# Visual Studio 2012
Project("{8BC9CEB8-8B4A-11D0-8D11-00A0C91BC942}") = "DCommHmwrk3-Server", "DCommHmwrk3-Server\DCommHmwrk3-Server.vcxproj", "{5051ECB7-DF43-45EC-91E4-4FE18D2F7D03}"
EndProject
Global
	GlobalSection(SolutionConfigurationPlatforms) = preSolution
		Debug|Win32 = Debug|Win32
		Release|Win32 = Release|Win32
	EndGlobalSection
	GlobalSection(ProjectConfigurationPlatforms) = postSolution
		{5051ECB7-DF43-45EC-91E4-4FE18D2F7D03}.Debug|Win32.ActiveCfg = Debug|Win32
		{5051ECB7-DF43-45EC-91E4-4FE18D2F7D03}.Debug|Win32.Build.0 = Debug|Win32
		{5051ECB7-DF43-45EC-91E4-4FE18D2F7D03}.Release|Win32.ActiveCfg = Release|Win32
		{5051ECB7-DF43-45EC-91E4-4FE18D2F7D03}.Release|Win32.Build.0 = Release|Win32
	EndGlobalSection
	GlobalSection(SolutionProperties) = preSolution
		HideSolutionNode = FALSE
	EndGlobalSection
EndGlobal
