
Microsoft Visual Studio Solution File, Format Version 12.00
# Visual Studio 2012
Project("{8BC9CEB8-8B4A-11D0-8D11-00A0C91BC942}") = "AlgorithmsAsgnt4", "AlgorithmsAsgnt4\AlgorithmsAsgnt4.vcxproj", "{F84642B9-A71D-41A3-B2B2-473C974B45F4}"
EndProject
Global
	GlobalSection(SolutionConfigurationPlatforms) = preSolution
		Debug|Win32 = Debug|Win32
		Release|Win32 = Release|Win32
	EndGlobalSection
	GlobalSection(ProjectConfigurationPlatforms) = postSolution
		{F84642B9-A71D-41A3-B2B2-473C974B45F4}.Debug|Win32.ActiveCfg = Debug|Win32
		{F84642B9-A71D-41A3-B2B2-473C974B45F4}.Debug|Win32.Build.0 = Debug|Win32
		{F84642B9-A71D-41A3-B2B2-473C974B45F4}.Release|Win32.ActiveCfg = Release|Win32
		{F84642B9-A71D-41A3-B2B2-473C974B45F4}.Release|Win32.Build.0 = Release|Win32
	EndGlobalSection
	GlobalSection(SolutionProperties) = preSolution
		HideSolutionNode = FALSE
	EndGlobalSection
EndGlobal
