
Microsoft Visual Studio Solution File, Format Version 12.00
# Visual Studio 2012
Project("{8BC9CEB8-8B4A-11D0-8D11-00A0C91BC942}") = "AlgLab5Vote", "AlgLab5Vote\AlgLab5Vote.vcxproj", "{06C4C1D0-4408-486B-BB85-1AAB47A0CD6D}"
EndProject
Global
	GlobalSection(SolutionConfigurationPlatforms) = preSolution
		Debug|Win32 = Debug|Win32
		Release|Win32 = Release|Win32
	EndGlobalSection
	GlobalSection(ProjectConfigurationPlatforms) = postSolution
		{06C4C1D0-4408-486B-BB85-1AAB47A0CD6D}.Debug|Win32.ActiveCfg = Debug|Win32
		{06C4C1D0-4408-486B-BB85-1AAB47A0CD6D}.Debug|Win32.Build.0 = Debug|Win32
		{06C4C1D0-4408-486B-BB85-1AAB47A0CD6D}.Release|Win32.ActiveCfg = Release|Win32
		{06C4C1D0-4408-486B-BB85-1AAB47A0CD6D}.Release|Win32.Build.0 = Release|Win32
	EndGlobalSection
	GlobalSection(SolutionProperties) = preSolution
		HideSolutionNode = FALSE
	EndGlobalSection
EndGlobal
